
Microsoft Visual Studio Solution File, Format Version 12.00
# Visual Studio Version 18
VisualStudioVersion = 18.2.11408.102
MinimumVisualStudioVersion = 10.0.40219.1
Project("{FAE04EC0-301F-11D3-BF4B-00C04F79EFBC}") = "Presentacion", "Presentacion\Presentacion.csproj", "{9DBABCBE-C438-4466-9BBB-AF1E0105E50D}"
EndProject
Project("{FAE04EC0-301F-11D3-BF4B-00C04F79EFBC}") = "Utilidades", "Utilidades\Utilidades.csproj", "{8C5B62F7-7986-4EEA-BA1F-F51F41E00EBF}"
EndProject
Project("{FAE04EC0-301F-11D3-BF4B-00C04F79EFBC}") = "Entidades", "Entidades\Entidades.csproj", "{95970443-2425-451D-BD5B-1ADCAE0E6402}"
EndProject
Project("{FAE04EC0-301F-11D3-BF4B-00C04F79EFBC}") = "Negocio", "Negocio\Negocio.csproj", "{C2BE443E-B155-42B8-8868-D696E1D7BE50}"
EndProject
Project("{FAE04EC0-301F-11D3-BF4B-00C04F79EFBC}") = "Datos", "Datos\Datos.csproj", "{45A66AFC-C105-4162-9422-5D793278719E}"
EndProject
Project("{2150E333-8FDC-42A3-9474-1A3956D46DE8}") = "Elementos de la solución", "Elementos de la solución", "{9C1CE1E8-2722-47DA-A8EB-9892BE75ABA2}"
	ProjectSection(SolutionItems) = preProject
		.gitignore = .gitignore
	EndProjectSection
EndProject
Project("{FAE04EC0-301F-11D3-BF4B-00C04F79EFBC}") = "wsAFIPvs2008", "wsAFIPvs2008\wsAFIPvs2008.csproj", "{5B716A48-0166-494F-A0F5-2DC93B38AC03}"
EndProject
Project("{FAE04EC0-301F-11D3-BF4B-00C04F79EFBC}") = "Web", "Web\Web.csproj", "{98D3BBFE-7A5B-4781-8973-F6BF37E39A5F}"
EndProject
Project("{FAE04EC0-301F-11D3-BF4B-00C04F79EFBC}") = "AFIP", "AFIP\AFIP.csproj", "{452C0751-CFA1-4BF5-9E0E-371B6CC6136D}"
EndProject
Project("{FAE04EC0-301F-11D3-BF4B-00C04F79EFBC}") = "Carnisys.Balanza.Agent", "Carnisys.Balanza.Agent\Carnisys.Balanza.Agent.csproj", "{B6A47E0A-4430-4EF1-A8EC-B754013F5FA5}"
EndProject
Project("{2150E333-8FDC-42A3-9474-1A3956D46DE8}") = "src", "src", "{827E0CD3-B72D-47B6-A68D-7590B98EB39B}"
EndProject
Project("{FAE04EC0-301F-11D3-BF4B-00C04F79EFBC}") = "CarniSys.NG.Domain", "src\CarniSys.NG.Domain\CarniSys.NG.Domain.csproj", "{E2A3AF5E-87DC-4469-97E9-5A9D2B195FD0}"
EndProject
Project("{FAE04EC0-301F-11D3-BF4B-00C04F79EFBC}") = "CarniSys.NG.Application", "src\CarniSys.NG.Application\CarniSys.NG.Application.csproj", "{36D31B06-DD72-48DB-AD13-95838304E9F3}"
EndProject
Project("{FAE04EC0-301F-11D3-BF4B-00C04F79EFBC}") = "CarniSys.NG.Infrastructure", "src\CarniSys.NG.Infrastructure\CarniSys.NG.Infrastructure.csproj", "{271F4FD0-EC18-4231-A67A-53BD038800E7}"
EndProject
Project("{FAE04EC0-301F-11D3-BF4B-00C04F79EFBC}") = "CarniSys.NG.Web", "src\CarniSys.NG.Web\CarniSys.NG.Web.csproj", "{427F9F35-36E7-47A2-BE7D-B0C7A2CA8179}"
EndProject
Project("{FAE04EC0-301F-11D3-BF4B-00C04F79EFBC}") = "CarniSys.NG.Integrations.AFIP", "src\CarniSys.NG.Integrations.AFIP\CarniSys.NG.Integrations.AFIP.csproj", "{56949327-68D3-4184-BF77-3F4476E60F83}"
EndProject
Project("{FAE04EC0-301F-11D3-BF4B-00C04F79EFBC}") = "CarniSys.NG.Integrations.Devices", "src\CarniSys.NG.Integrations.Devices\CarniSys.NG.Integrations.Devices.csproj", "{ADC1FF84-6136-4E9A-85E0-35347CCD4CDB}"
EndProject
Project("{2150E333-8FDC-42A3-9474-1A3956D46DE8}") = "tests", "tests", "{0AB3BF05-4346-4AA6-1389-037BE0695223}"
EndProject
Project("{FAE04EC0-301F-11D3-BF4B-00C04F79EFBC}") = "CarniSys.NG.UnitTests", "tests\CarniSys.NG.UnitTests\CarniSys.NG.UnitTests.csproj", "{585BBA3B-C896-4F52-A11A-9E610972F61C}"
EndProject
Project("{FAE04EC0-301F-11D3-BF4B-00C04F79EFBC}") = "CarniSys.NG.IntegrationTests", "tests\CarniSys.NG.IntegrationTests\CarniSys.NG.IntegrationTests.csproj", "{B2F272B8-38F8-42A6-8FF9-CAC2136C2FFB}"
EndProject
Global
	GlobalSection(SolutionConfigurationPlatforms) = preSolution
		Debug|Any CPU = Debug|Any CPU
		Debug|x64 = Debug|x64
		Debug|x86 = Debug|x86
		Release|Any CPU = Release|Any CPU
		Release|x64 = Release|x64
		Release|x86 = Release|x86
	EndGlobalSection
	GlobalSection(ProjectConfigurationPlatforms) = postSolution
		{9DBABCBE-C438-4466-9BBB-AF1E0105E50D}.Debug|Any CPU.ActiveCfg = Debug|Any CPU
		{9DBABCBE-C438-4466-9BBB-AF1E0105E50D}.Debug|Any CPU.Build.0 = Debug|Any CPU
		{9DBABCBE-C438-4466-9BBB-AF1E0105E50D}.Debug|x64.ActiveCfg = Debug|Any CPU
		{9DBABCBE-C438-4466-9BBB-AF1E0105E50D}.Debug|x64.Build.0 = Debug|Any CPU
		{9DBABCBE-C438-4466-9BBB-AF1E0105E50D}.Debug|x86.ActiveCfg = Debug|Any CPU
		{9DBABCBE-C438-4466-9BBB-AF1E0105E50D}.Debug|x86.Build.0 = Debug|Any CPU
		{9DBABCBE-C438-4466-9BBB-AF1E0105E50D}.Release|Any CPU.ActiveCfg = Release|Any CPU
		{9DBABCBE-C438-4466-9BBB-AF1E0105E50D}.Release|Any CPU.Build.0 = Release|Any CPU
		{9DBABCBE-C438-4466-9BBB-AF1E0105E50D}.Release|x64.ActiveCfg = Release|Any CPU
		{9DBABCBE-C438-4466-9BBB-AF1E0105E50D}.Release|x64.Build.0 = Release|Any CPU
		{9DBABCBE-C438-4466-9BBB-AF1E0105E50D}.Release|x86.ActiveCfg = Release|Any CPU
		{9DBABCBE-C438-4466-9BBB-AF1E0105E50D}.Release|x86.Build.0 = Release|Any CPU
		{8C5B62F7-7986-4EEA-BA1F-F51F41E00EBF}.Debug|Any CPU.ActiveCfg = Debug|Any CPU
		{8C5B62F7-7986-4EEA-BA1F-F51F41E00EBF}.Debug|Any CPU.Build.0 = Debug|Any CPU
		{8C5B62F7-7986-4EEA-BA1F-F51F41E00EBF}.Debug|x64.ActiveCfg = Debug|Any CPU
		{8C5B62F7-7986-4EEA-BA1F-F51F41E00EBF}.Debug|x64.Build.0 = Debug|Any CPU
		{8C5B62F7-7986-4EEA-BA1F-F51F41E00EBF}.Debug|x86.ActiveCfg = Debug|Any CPU
		{8C5B62F7-7986-4EEA-BA1F-F51F41E00EBF}.Debug|x86.Build.0 = Debug|Any CPU
		{8C5B62F7-7986-4EEA-BA1F-F51F41E00EBF}.Release|Any CPU.ActiveCfg = Release|Any CPU
		{8C5B62F7-7986-4EEA-BA1F-F51F41E00EBF}.Release|Any CPU.Build.0 = Release|Any CPU
		{8C5B62F7-7986-4EEA-BA1F-F51F41E00EBF}.Release|x64.ActiveCfg = Release|Any CPU
		{8C5B62F7-7986-4EEA-BA1F-F51F41E00EBF}.Release|x64.Build.0 = Release|Any CPU
		{8C5B62F7-7986-4EEA-BA1F-F51F41E00EBF}.Release|x86.ActiveCfg = Release|Any CPU
		{8C5B62F7-7986-4EEA-BA1F-F51F41E00EBF}.Release|x86.Build.0 = Release|Any CPU
		{95970443-2425-451D-BD5B-1ADCAE0E6402}.Debug|Any CPU.ActiveCfg = Debug|Any CPU
		{95970443-2425-451D-BD5B-1ADCAE0E6402}.Debug|Any CPU.Build.0 = Debug|Any CPU
		{95970443-2425-451D-BD5B-1ADCAE0E6402}.Debug|x64.ActiveCfg = Debug|Any CPU
		{95970443-2425-451D-BD5B-1ADCAE0E6402}.Debug|x64.Build.0 = Debug|Any CPU
		{95970443-2425-451D-BD5B-1ADCAE0E6402}.Debug|x86.ActiveCfg = Debug|Any CPU
		{95970443-2425-451D-BD5B-1ADCAE0E6402}.Debug|x86.Build.0 = Debug|Any CPU
		{95970443-2425-451D-BD5B-1ADCAE0E6402}.Release|Any CPU.ActiveCfg = Release|Any CPU
		{95970443-2425-451D-BD5B-1ADCAE0E6402}.Release|Any CPU.Build.0 = Release|Any CPU
		{95970443-2425-451D-BD5B-1ADCAE0E6402}.Release|x64.ActiveCfg = Release|Any CPU
		{95970443-2425-451D-BD5B-1ADCAE0E6402}.Release|x64.Build.0 = Release|Any CPU
		{95970443-2425-451D-BD5B-1ADCAE0E6402}.Release|x86.ActiveCfg = Release|Any CPU
		{95970443-2425-451D-BD5B-1ADCAE0E6402}.Release|x86.Build.0 = Release|Any CPU
		{C2BE443E-B155-42B8-8868-D696E1D7BE50}.Debug|Any CPU.ActiveCfg = Debug|Any CPU
		{C2BE443E-B155-42B8-8868-D696E1D7BE50}.Debug|Any CPU.Build.0 = Debug|Any CPU
		{C2BE443E-B155-42B8-8868-D696E1D7BE50}.Debug|x64.ActiveCfg = Debug|Any CPU
		{C2BE443E-B155-42B8-8868-D696E1D7BE50}.Debug|x64.Build.0 = Debug|Any CPU
		{C2BE443E-B155-42B8-8868-D696E1D7BE50}.Debug|x86.ActiveCfg = Debug|Any CPU
		{C2BE443E-B155-42B8-8868-D696E1D7BE50}.Debug|x86.Build.0 = Debug|Any CPU
		{C2BE443E-B155-42B8-8868-D696E1D7BE50}.Release|Any CPU.ActiveCfg = Release|Any CPU
		{C2BE443E-B155-42B8-8868-D696E1D7BE50}.Release|Any CPU.Build.0 = Release|Any CPU
		{C2BE443E-B155-42B8-8868-D696E1D7BE50}.Release|x64.ActiveCfg = Release|Any CPU
		{C2BE443E-B155-42B8-8868-D696E1D7BE50}.Release|x64.Build.0 = Release|Any CPU
		{C2BE443E-B155-42B8-8868-D696E1D7BE50}.Release|x86.ActiveCfg = Release|Any CPU
		{C2BE443E-B155-42B8-8868-D696E1D7BE50}.Release|x86.Build.0 = Release|Any CPU
		{45A66AFC-C105-4162-9422-5D793278719E}.Debug|Any CPU.ActiveCfg = Debug|Any CPU
		{45A66AFC-C105-4162-9422-5D793278719E}.Debug|Any CPU.Build.0 = Debug|Any CPU
		{45A66AFC-C105-4162-9422-5D793278719E}.Debug|x64.ActiveCfg = Debug|Any CPU
		{45A66AFC-C105-4162-9422-5D793278719E}.Debug|x64.Build.0 = Debug|Any CPU
		{45A66AFC-C105-4162-9422-5D793278719E}.Debug|x86.ActiveCfg = Debug|Any CPU
		{45A66AFC-C105-4162-9422-5D793278719E}.Debug|x86.Build.0 = Debug|Any CPU
		{45A66AFC-C105-4162-9422-5D793278719E}.Release|Any CPU.ActiveCfg = Release|Any CPU
		{45A66AFC-C105-4162-9422-5D793278719E}.Release|Any CPU.Build.0 = Release|Any CPU
		{45A66AFC-C105-4162-9422-5D793278719E}.Release|x64.ActiveCfg = Release|Any CPU
		{45A66AFC-C105-4162-9422-5D793278719E}.Release|x64.Build.0 = Release|Any CPU
		{45A66AFC-C105-4162-9422-5D793278719E}.Release|x86.ActiveCfg = Release|Any CPU
		{45A66AFC-C105-4162-9422-5D793278719E}.Release|x86.Build.0 = Release|Any CPU
		{5B716A48-0166-494F-A0F5-2DC93B38AC03}.Debug|Any CPU.ActiveCfg = Debug|Any CPU
		{5B716A48-0166-494F-A0F5-2DC93B38AC03}.Debug|Any CPU.Build.0 = Debug|Any CPU
		{5B716A48-0166-494F-A0F5-2DC93B38AC03}.Debug|x64.ActiveCfg = Debug|Any CPU
		{5B716A48-0166-494F-A0F5-2DC93B38AC03}.Debug|x64.Build.0 = Debug|Any CPU
		{5B716A48-0166-494F-A0F5-2DC93B38AC03}.Debug|x86.ActiveCfg = Debug|Any CPU
		{5B716A48-0166-494F-A0F5-2DC93B38AC03}.Debug|x86.Build.0 = Debug|Any CPU
		{5B716A48-0166-494F-A0F5-2DC93B38AC03}.Release|Any CPU.ActiveCfg = Release|Any CPU
		{5B716A48-0166-494F-A0F5-2DC93B38AC03}.Release|Any CPU.Build.0 = Release|Any CPU
		{5B716A48-0166-494F-A0F5-2DC93B38AC03}.Release|x64.ActiveCfg = Release|Any CPU
		{5B716A48-0166-494F-A0F5-2DC93B38AC03}.Release|x64.Build.0 = Release|Any CPU
		{5B716A48-0166-494F-A0F5-2DC93B38AC03}.Release|x86.ActiveCfg = Release|Any CPU
		{5B716A48-0166-494F-A0F5-2DC93B38AC03}.Release|x86.Build.0 = Release|Any CPU
		{98D3BBFE-7A5B-4781-8973-F6BF37E39A5F}.Debug|Any CPU.ActiveCfg = Debug|Any CPU
		{98D3BBFE-7A5B-4781-8973-F6BF37E39A5F}.Debug|Any CPU.Build.0 = Debug|Any CPU
		{98D3BBFE-7A5B-4781-8973-F6BF37E39A5F}.Debug|x64.ActiveCfg = Debug|Any CPU
		{98D3BBFE-7A5B-4781-8973-F6BF37E39A5F}.Debug|x64.Build.0 = Debug|Any CPU
		{98D3BBFE-7A5B-4781-8973-F6BF37E39A5F}.Debug|x86.ActiveCfg = Debug|Any CPU
		{98D3BBFE-7A5B-4781-8973-F6BF37E39A5F}.Debug|x86.Build.0 = Debug|Any CPU
		{98D3BBFE-7A5B-4781-8973-F6BF37E39A5F}.Release|Any CPU.ActiveCfg = Release|Any CPU
		{98D3BBFE-7A5B-4781-8973-F6BF37E39A5F}.Release|Any CPU.Build.0 = Release|Any CPU
		{98D3BBFE-7A5B-4781-8973-F6BF37E39A5F}.Release|x64.ActiveCfg = Release|Any CPU
		{98D3BBFE-7A5B-4781-8973-F6BF37E39A5F}.Release|x64.Build.0 = Release|Any CPU
		{98D3BBFE-7A5B-4781-8973-F6BF37E39A5F}.Release|x86.ActiveCfg = Release|Any CPU
		{98D3BBFE-7A5B-4781-8973-F6BF37E39A5F}.Release|x86.Build.0 = Release|Any CPU
		{452C0751-CFA1-4BF5-9E0E-371B6CC6136D}.Debug|Any CPU.ActiveCfg = Debug|Any CPU
		{452C0751-CFA1-4BF5-9E0E-371B6CC6136D}.Debug|Any CPU.Build.0 = Debug|Any CPU
		{452C0751-CFA1-4BF5-9E0E-371B6CC6136D}.Debug|x64.ActiveCfg = Debug|Any CPU
		{452C0751-CFA1-4BF5-9E0E-371B6CC6136D}.Debug|x64.Build.0 = Debug|Any CPU
		{452C0751-CFA1-4BF5-9E0E-371B6CC6136D}.Debug|x86.ActiveCfg = Debug|Any CPU
		{452C0751-CFA1-4BF5-9E0E-371B6CC6136D}.Debug|x86.Build.0 = Debug|Any CPU
		{452C0751-CFA1-4BF5-9E0E-371B6CC6136D}.Release|Any CPU.ActiveCfg = Release|Any CPU
		{452C0751-CFA1-4BF5-9E0E-371B6CC6136D}.Release|Any CPU.Build.0 = Release|Any CPU
		{452C0751-CFA1-4BF5-9E0E-371B6CC6136D}.Release|x64.ActiveCfg = Release|Any CPU
		{452C0751-CFA1-4BF5-9E0E-371B6CC6136D}.Release|x64.Build.0 = Release|Any CPU
		{452C0751-CFA1-4BF5-9E0E-371B6CC6136D}.Release|x86.ActiveCfg = Release|Any CPU
		{452C0751-CFA1-4BF5-9E0E-371B6CC6136D}.Release|x86.Build.0 = Release|Any CPU
		{B6A47E0A-4430-4EF1-A8EC-B754013F5FA5}.Debug|Any CPU.ActiveCfg = Debug|Any CPU
		{B6A47E0A-4430-4EF1-A8EC-B754013F5FA5}.Debug|Any CPU.Build.0 = Debug|Any CPU
		{B6A47E0A-4430-4EF1-A8EC-B754013F5FA5}.Debug|x64.ActiveCfg = Debug|Any CPU
		{B6A47E0A-4430-4EF1-A8EC-B754013F5FA5}.Debug|x64.Build.0 = Debug|Any CPU
		{B6A47E0A-4430-4EF1-A8EC-B754013F5FA5}.Debug|x86.ActiveCfg = Debug|Any CPU
		{B6A47E0A-4430-4EF1-A8EC-B754013F5FA5}.Debug|x86.Build.0 = Debug|Any CPU
		{B6A47E0A-4430-4EF1-A8EC-B754013F5FA5}.Release|Any CPU.ActiveCfg = Release|Any CPU
		{B6A47E0A-4430-4EF1-A8EC-B754013F5FA5}.Release|Any CPU.Build.0 = Release|Any CPU
		{B6A47E0A-4430-4EF1-A8EC-B754013F5FA5}.Release|x64.ActiveCfg = Release|Any CPU
		{B6A47E0A-4430-4EF1-A8EC-B754013F5FA5}.Release|x64.Build.0 = Release|Any CPU
		{B6A47E0A-4430-4EF1-A8EC-B754013F5FA5}.Release|x86.ActiveCfg = Release|Any CPU
		{B6A47E0A-4430-4EF1-A8EC-B754013F5FA5}.Release|x86.Build.0 = Release|Any CPU
		{E2A3AF5E-87DC-4469-97E9-5A9D2B195FD0}.Debug|Any CPU.ActiveCfg = Debug|Any CPU
		{E2A3AF5E-87DC-4469-97E9-5A9D2B195FD0}.Debug|Any CPU.Build.0 = Debug|Any CPU
		{E2A3AF5E-87DC-4469-97E9-5A9D2B195FD0}.Debug|x64.ActiveCfg = Debug|Any CPU
		{E2A3AF5E-87DC-4469-97E9-5A9D2B195FD0}.Debug|x64.Build.0 = Debug|Any CPU
		{E2A3AF5E-87DC-4469-97E9-5A9D2B195FD0}.Debug|x86.ActiveCfg = Debug|Any CPU
		{E2A3AF5E-87DC-4469-97E9-5A9D2B195FD0}.Debug|x86.Build.0 = Debug|Any CPU
		{E2A3AF5E-87DC-4469-97E9-5A9D2B195FD0}.Release|Any CPU.ActiveCfg = Release|Any CPU
		{E2A3AF5E-87DC-4469-97E9-5A9D2B195FD0}.Release|Any CPU.Build.0 = Release|Any CPU
		{E2A3AF5E-87DC-4469-97E9-5A9D2B195FD0}.Release|x64.ActiveCfg = Release|Any CPU
		{E2A3AF5E-87DC-4469-97E9-5A9D2B195FD0}.Release|x64.Build.0 = Release|Any CPU
		{E2A3AF5E-87DC-4469-97E9-5A9D2B195FD0}.Release|x86.ActiveCfg = Release|Any CPU
		{E2A3AF5E-87DC-4469-97E9-5A9D2B195FD0}.Release|x86.Build.0 = Release|Any CPU
		{36D31B06-DD72-48DB-AD13-95838304E9F3}.Debug|Any CPU.ActiveCfg = Debug|Any CPU
		{36D31B06-DD72-48DB-AD13-95838304E9F3}.Debug|Any CPU.Build.0 = Debug|Any CPU
		{36D31B06-DD72-48DB-AD13-95838304E9F3}.Debug|x64.ActiveCfg = Debug|Any CPU
		{36D31B06-DD72-48DB-AD13-95838304E9F3}.Debug|x64.Build.0 = Debug|Any CPU
		{36D31B06-DD72-48DB-AD13-95838304E9F3}.Debug|x86.ActiveCfg = Debug|Any CPU
		{36D31B06-DD72-48DB-AD13-95838304E9F3}.Debug|x86.Build.0 = Debug|Any CPU
		{36D31B06-DD72-48DB-AD13-95838304E9F3}.Release|Any CPU.ActiveCfg = Release|Any CPU
		{36D31B06-DD72-48DB-AD13-95838304E9F3}.Release|Any CPU.Build.0 = Release|Any CPU
		{36D31B06-DD72-48DB-AD13-95838304E9F3}.Release|x64.ActiveCfg = Release|Any CPU
		{36D31B06-DD72-48DB-AD13-95838304E9F3}.Release|x64.Build.0 = Release|Any CPU
		{36D31B06-DD72-48DB-AD13-95838304E9F3}.Release|x86.ActiveCfg = Release|Any CPU
		{36D31B06-DD72-48DB-AD13-95838304E9F3}.Release|x86.Build.0 = Release|Any CPU
		{271F4FD0-EC18-4231-A67A-53BD038800E7}.Debug|Any CPU.ActiveCfg = Debug|Any CPU
		{271F4FD0-EC18-4231-A67A-53BD038800E7}.Debug|Any CPU.Build.0 = Debug|Any CPU
		{271F4FD0-EC18-4231-A67A-53BD038800E7}.Debug|x64.ActiveCfg = Debug|Any CPU
		{271F4FD0-EC18-4231-A67A-53BD038800E7}.Debug|x64.Build.0 = Debug|Any CPU
		{271F4FD0-EC18-4231-A67A-53BD038800E7}.Debug|x86.ActiveCfg = Debug|Any CPU
		{271F4FD0-EC18-4231-A67A-53BD038800E7}.Debug|x86.Build.0 = Debug|Any CPU
		{271F4FD0-EC18-4231-A67A-53BD038800E7}.Release|Any CPU.ActiveCfg = Release|Any CPU
		{271F4FD0-EC18-4231-A67A-53BD038800E7}.Release|Any CPU.Build.0 = Release|Any CPU
		{271F4FD0-EC18-4231-A67A-53BD038800E7}.Release|x64.ActiveCfg = Release|Any CPU
		{271F4FD0-EC18-4231-A67A-53BD038800E7}.Release|x64.Build.0 = Release|Any CPU
		{271F4FD0-EC18-4231-A67A-53BD038800E7}.Release|x86.ActiveCfg = Release|Any CPU
		{271F4FD0-EC18-4231-A67A-53BD038800E7}.Release|x86.Build.0 = Release|Any CPU
		{427F9F35-36E7-47A2-BE7D-B0C7A2CA8179}.Debug|Any CPU.ActiveCfg = Debug|Any CPU
		{427F9F35-36E7-47A2-BE7D-B0C7A2CA8179}.Debug|Any CPU.Build.0 = Debug|Any CPU
		{427F9F35-36E7-47A2-BE7D-B0C7A2CA8179}.Debug|x64.ActiveCfg = Debug|Any CPU
		{427F9F35-36E7-47A2-BE7D-B0C7A2CA8179}.Debug|x64.Build.0 = Debug|Any CPU
		{427F9F35-36E7-47A2-BE7D-B0C7A2CA8179}.Debug|x86.ActiveCfg = Debug|Any CPU
		{427F9F35-36E7-47A2-BE7D-B0C7A2CA8179}.Debug|x86.Build.0 = Debug|Any CPU
		{427F9F35-36E7-47A2-BE7D-B0C7A2CA8179}.Release|Any CPU.ActiveCfg = Release|Any CPU
		{427F9F35-36E7-47A2-BE7D-B0C7A2CA8179}.Release|Any CPU.Build.0 = Release|Any CPU
		{427F9F35-36E7-47A2-BE7D-B0C7A2CA8179}.Release|x64.ActiveCfg = Release|Any CPU
		{427F9F35-36E7-47A2-BE7D-B0C7A2CA8179}.Release|x64.Build.0 = Release|Any CPU
		{427F9F35-36E7-47A2-BE7D-B0C7A2CA8179}.Release|x86.ActiveCfg = Release|Any CPU
		{427F9F35-36E7-47A2-BE7D-B0C7A2CA8179}.Release|x86.Build.0 = Release|Any CPU
		{56949327-68D3-4184-BF77-3F4476E60F83}.Debug|Any CPU.ActiveCfg = Debug|Any CPU
		{56949327-68D3-4184-BF77-3F4476E60F83}.Debug|Any CPU.Build.0 = Debug|Any CPU
		{56949327-68D3-4184-BF77-3F4476E60F83}.Debug|x64.ActiveCfg = Debug|Any CPU
		{56949327-68D3-4184-BF77-3F4476E60F83}.Debug|x64.Build.0 = Debug|Any CPU
		{56949327-68D3-4184-BF77-3F4476E60F83}.Debug|x86.ActiveCfg = Debug|Any CPU
		{56949327-68D3-4184-BF77-3F4476E60F83}.Debug|x86.Build.0 = Debug|Any CPU
		{56949327-68D3-4184-BF77-3F4476E60F83}.Release|Any CPU.ActiveCfg = Release|Any CPU
		{56949327-68D3-4184-BF77-3F4476E60F83}.Release|Any CPU.Build.0 = Release|Any CPU
		{56949327-68D3-4184-BF77-3F4476E60F83}.Release|x64.ActiveCfg = Release|Any CPU
		{56949327-68D3-4184-BF77-3F4476E60F83}.Release|x64.Build.0 = Release|Any CPU
		{56949327-68D3-4184-BF77-3F4476E60F83}.Release|x86.ActiveCfg = Release|Any CPU
		{56949327-68D3-4184-BF77-3F4476E60F83}.Release|x86.Build.0 = Release|Any CPU
		{ADC1FF84-6136-4E9A-85E0-35347CCD4CDB}.Debug|Any CPU.ActiveCfg = Debug|Any CPU
		{ADC1FF84-6136-4E9A-85E0-35347CCD4CDB}.Debug|Any CPU.Build.0 = Debug|Any CPU
		{ADC1FF84-6136-4E9A-85E0-35347CCD4CDB}.Debug|x64.ActiveCfg = Debug|Any CPU
		{ADC1FF84-6136-4E9A-85E0-35347CCD4CDB}.Debug|x64.Build.0 = Debug|Any CPU
		{ADC1FF84-6136-4E9A-85E0-35347CCD4CDB}.Debug|x86.ActiveCfg = Debug|Any CPU
		{ADC1FF84-6136-4E9A-85E0-35347CCD4CDB}.Debug|x86.Build.0 = Debug|Any CPU
		{ADC1FF84-6136-4E9A-85E0-35347CCD4CDB}.Release|Any CPU.ActiveCfg = Release|Any CPU
		{ADC1FF84-6136-4E9A-85E0-35347CCD4CDB}.Release|Any CPU.Build.0 = Release|Any CPU
		{ADC1FF84-6136-4E9A-85E0-35347CCD4CDB}.Release|x64.ActiveCfg = Release|Any CPU
		{ADC1FF84-6136-4E9A-85E0-35347CCD4CDB}.Release|x64.Build.0 = Release|Any CPU
		{ADC1FF84-6136-4E9A-85E0-35347CCD4CDB}.Release|x86.ActiveCfg = Release|Any CPU
		{ADC1FF84-6136-4E9A-85E0-35347CCD4CDB}.Release|x86.Build.0 = Release|Any CPU
		{585BBA3B-C896-4F52-A11A-9E610972F61C}.Debug|Any CPU.ActiveCfg = Debug|Any CPU
		{585BBA3B-C896-4F52-A11A-9E610972F61C}.Debug|Any CPU.Build.0 = Debug|Any CPU
		{585BBA3B-C896-4F52-A11A-9E610972F61C}.Debug|x64.ActiveCfg = Debug|Any CPU
		{585BBA3B-C896-4F52-A11A-9E610972F61C}.Debug|x64.Build.0 = Debug|Any CPU
		{585BBA3B-C896-4F52-A11A-9E610972F61C}.Debug|x86.ActiveCfg = Debug|Any CPU
		{585BBA3B-C896-4F52-A11A-9E610972F61C}.Debug|x86.Build.0 = Debug|Any CPU
		{585BBA3B-C896-4F52-A11A-9E610972F61C}.Release|Any CPU.ActiveCfg = Release|Any CPU
		{585BBA3B-C896-4F52-A11A-9E610972F61C}.Release|Any CPU.Build.0 = Release|Any CPU
		{585BBA3B-C896-4F52-A11A-9E610972F61C}.Release|x64.ActiveCfg = Release|Any CPU
		{585BBA3B-C896-4F52-A11A-9E610972F61C}.Release|x64.Build.0 = Release|Any CPU
		{585BBA3B-C896-4F52-A11A-9E610972F61C}.Release|x86.ActiveCfg = Release|Any CPU
		{585BBA3B-C896-4F52-A11A-9E610972F61C}.Release|x86.Build.0 = Release|Any CPU
		{B2F272B8-38F8-42A6-8FF9-CAC2136C2FFB}.Debug|Any CPU.ActiveCfg = Debug|Any CPU
		{B2F272B8-38F8-42A6-8FF9-CAC2136C2FFB}.Debug|Any CPU.Build.0 = Debug|Any CPU
		{B2F272B8-38F8-42A6-8FF9-CAC2136C2FFB}.Debug|x64.ActiveCfg = Debug|Any CPU
		{B2F272B8-38F8-42A6-8FF9-CAC2136C2FFB}.Debug|x64.Build.0 = Debug|Any CPU
		{B2F272B8-38F8-42A6-8FF9-CAC2136C2FFB}.Debug|x86.ActiveCfg = Debug|Any CPU
		{B2F272B8-38F8-42A6-8FF9-CAC2136C2FFB}.Debug|x86.Build.0 = Debug|Any CPU
		{B2F272B8-38F8-42A6-8FF9-CAC2136C2FFB}.Release|Any CPU.ActiveCfg = Release|Any CPU
		{B2F272B8-38F8-42A6-8FF9-CAC2136C2FFB}.Release|Any CPU.Build.0 = Release|Any CPU
		{B2F272B8-38F8-42A6-8FF9-CAC2136C2FFB}.Release|x64.ActiveCfg = Release|Any CPU
		{B2F272B8-38F8-42A6-8FF9-CAC2136C2FFB}.Release|x64.Build.0 = Release|Any CPU
		{B2F272B8-38F8-42A6-8FF9-CAC2136C2FFB}.Release|x86.ActiveCfg = Release|Any CPU
		{B2F272B8-38F8-42A6-8FF9-CAC2136C2FFB}.Release|x86.Build.0 = Release|Any CPU
	EndGlobalSection
	GlobalSection(SolutionProperties) = preSolution
		HideSolutionNode = FALSE
	EndGlobalSection
	GlobalSection(NestedProjects) = preSolution
		{E2A3AF5E-87DC-4469-97E9-5A9D2B195FD0} = {827E0CD3-B72D-47B6-A68D-7590B98EB39B}
		{36D31B06-DD72-48DB-AD13-95838304E9F3} = {827E0CD3-B72D-47B6-A68D-7590B98EB39B}
		{271F4FD0-EC18-4231-A67A-53BD038800E7} = {827E0CD3-B72D-47B6-A68D-7590B98EB39B}
		{427F9F35-36E7-47A2-BE7D-B0C7A2CA8179} = {827E0CD3-B72D-47B6-A68D-7590B98EB39B}
		{56949327-68D3-4184-BF77-3F4476E60F83} = {827E0CD3-B72D-47B6-A68D-7590B98EB39B}
		{ADC1FF84-6136-4E9A-85E0-35347CCD4CDB} = {827E0CD3-B72D-47B6-A68D-7590B98EB39B}
		{585BBA3B-C896-4F52-A11A-9E610972F61C} = {0AB3BF05-4346-4AA6-1389-037BE0695223}
		{B2F272B8-38F8-42A6-8FF9-CAC2136C2FFB} = {0AB3BF05-4346-4AA6-1389-037BE0695223}
	EndGlobalSection
	GlobalSection(ExtensibilityGlobals) = postSolution
		SolutionGuid = {BDF39BA3-356C-4F9F-A6FF-6E74613E16EC}
	EndGlobalSection
EndGlobal
